
Microsoft Visual Studio Solution File, Format Version 12.00
# Visual Studio Version 17
VisualStudioVersion = 17.14.36518.9 d17.14
MinimumVisualStudioVersion = 10.0.40219.1
Project("{FAE04EC0-301F-11D3-BF4B-00C04F79EFBC}") = "MyIPG203_F24_HW", "MyIPG203_F24_HW.csproj", "{7C8F5004-EB05-4ADC-949D-6EE0E3A75798}"
EndProject
Global
	GlobalSection(SolutionConfigurationPlatforms) = preSolution
		Debug|Any CPU = Debug|Any CPU
		Release|Any CPU = Release|Any CPU
	EndGlobalSection
	GlobalSection(ProjectConfigurationPlatforms) = postSolution
		{7C8F5004-EB05-4ADC-949D-6EE0E3A75798}.Debug|Any CPU.ActiveCfg = Debug|Any CPU
		{7C8F5004-EB05-4ADC-949D-6EE0E3A75798}.Debug|Any CPU.Build.0 = Debug|Any CPU
		{7C8F5004-EB05-4ADC-949D-6EE0E3A75798}.Release|Any CPU.ActiveCfg = Release|Any CPU
		{7C8F5004-EB05-4ADC-949D-6EE0E3A75798}.Release|Any CPU.Build.0 = Release|Any CPU
	EndGlobalSection
	GlobalSection(SolutionProperties) = preSolution
		HideSolutionNode = FALSE
	EndGlobalSection
	GlobalSection(ExtensibilityGlobals) = postSolution
		SolutionGuid = {A0C66915-0335-4AF5-9B7E-08015757B7B1}
	EndGlobalSection
EndGlobal
